// !$*UTF8*$!
{
	archiveVersion = 1;
	classes = {
	};
	objectVersion = 46;
	objects = {

/* Begin PBXBuildFile section */
		80D2D0761D9CC7ED00EFA9E4 /* AppDelegate.swift in Sources */ = {isa = PBXBuildFile; fileRef = 80D2D0751D9CC7ED00EFA9E4 /* AppDelegate.swift */; };
		80D2D0781D9CC7ED00EFA9E4 /* ViewController.swift in Sources */ = {isa = PBXBuildFile; fileRef = 80D2D0771D9CC7ED00EFA9E4 /* ViewController.swift */; };
		80D2D07B1D9CC7ED00EFA9E4 /* Main.storyboard in Resources */ = {isa = PBXBuildFile; fileRef = 80D2D0791D9CC7ED00EFA9E4 /* Main.storyboard */; };
		80D2D07D1D9CC7ED00EFA9E4 /* Assets.xcassets in Resources */ = {isa = PBXBuildFile; fileRef = 80D2D07C1D9CC7ED00EFA9E4 /* Assets.xcassets */; };
		80D2D0801D9CC7ED00EFA9E4 /* LaunchScreen.storyboard in Resources */ = {isa = PBXBuildFile; fileRef = 80D2D07E1D9CC7ED00EFA9E4 /* LaunchScreen.storyboard */; };
/* End PBXBuildFile section */

/* Begin PBXFileReference section */
		80D2D0721D9CC7EC00EFA9E4 /* Abacus Quest.app */ = {isa = PBXFileReference; explicitFileType = wrapper.application; includeInIndex = 0; path = "Abacus Quest.app"; sourceTree = BUILT_PRODUCTS_DIR; };
		80D2D0751D9CC7ED00EFA9E4 /* AppDelegate.swift */ = {isa = PBXFileReference; lastKnownFileType = sourcecode.swift; path = AppDelegate.swift; sourceTree = "<group>"; };
		80D2D0771D9CC7ED00EFA9E4 /* ViewController.swift */ = {isa = PBXFileReference; lastKnownFileType = sourcecode.swift; path = ViewController.swift; sourceTree = "<group>"; };
		80D2D07A1D9CC7ED00EFA9E4 /* Base */ = {isa = PBXFileReference; lastKnownFileType = file.storyboard; name = Base; path = Base.lproj/Main.storyboard; sourceTree = "<group>"; };
		80D2D07C1D9CC7ED00EFA9E4 /* Assets.xcassets */ = {isa = PBXFileReference; lastKnownFileType = folder.assetcatalog; path = Assets.xcassets; sourceTree = "<group>"; };
		80D2D07F1D9CC7ED00EFA9E4 /* Base */ = {isa = PBXFileReference; lastKnownFileType = file.storyboard; name = Base; path = Base.lproj/LaunchScreen.storyboard; sourceTree = "<group>"; };
		80D2D0811D9CC7ED00EFA9E4 /* Info.plist */ = {isa = PBXFileReference; lastKnownFileType = text.plist.xml; path = Info.plist; sourceTree = "<group>"; };
/* End PBXFileReference section */

/* Begin PBXFrameworksBuildPhase section */
		80D2D06F1D9CC7EC00EFA9E4 /* Frameworks */ = {
			isa = PBXFrameworksBuildPhase;
			buildActionMask = 2147483647;
			files = (
			);
			runOnlyForDeploymentPostprocessing = 0;
		};
/* End PBXFrameworksBuildPhase section */

/* Begin PBXGroup section */
		80D2D0691D9CC7EC00EFA9E4 = {
			isa = PBXGroup;
			children = (
				80D2D0741D9CC7ED00EFA9E4 /* Abacus Quest */,
				80D2D0731D9CC7EC00EFA9E4 /* Products */,
			);
			sourceTree = "<group>";
		};
		80D2D0731D9CC7EC00EFA9E4 /* Products */ = {
			isa = PBXGroup;
			children = (
				80D2D0721D9CC7EC00EFA9E4 /* Abacus Quest.app */,
			);
			name = Products;
			sourceTree = "<group>";
		};
		80D2D0741D9CC7ED00EFA9E4 /* Abacus Quest */ = {
			isa = PBXGroup;
			children = (
				80D2D0751D9CC7ED00EFA9E4 /* AppDelegate.swift */,
				80D2D0771D9CC7ED00EFA9E4 /* ViewController.swift */,
				80D2D0791D9CC7ED00EFA9E4 /* Main.storyboard */,
				80D2D07C1D9CC7ED00EFA9E4 /* Assets.xcassets */,
				80D2D07E1D9CC7ED00EFA9E4 /* LaunchScreen.storyboard */,
				80D2D0811D9CC7ED00EFA9E4 /* Info.plist */,
			);
			path = "Abacus Quest";
			sourceTree = "<group>";
		};
/* End PBXGroup section */

/* Begin PBXNativeTarget section */
		80D2D0711D9CC7EC00EFA9E4 /* Abacus Quest */ = {
			isa = PBXNativeTarget;
			buildConfigurationList = 80D2D0841D9CC7ED00EFA9E4 /* Build configuration list for PBXNativeTarget "Abacus Quest" */;
			buildPhases = (
				80D2D06E1D9CC7EC00EFA9E4 /* Sources */,
				80D2D06F1D9CC7EC00EFA9E4 /* Frameworks */,
				80D2D0701D9CC7EC00EFA9E4 /* Resources */,
			);
			buildRules = (
			);
			dependencies = (
			);
			name = "Abacus Quest";
			productName = "Abacus Quest";
			productReference = 80D2D0721D9CC7EC00EFA9E4 /* Abacus Quest.app */;
			productType = "com.apple.product-type.application";
		};
/* End PBXNativeTarget section */

/* Begin PBXProject section */
		80D2D06A1D9CC7EC00EFA9E4 /* Project object */ = {
			isa = PBXProject;
			attributes = {
				LastSwiftUpdateCheck = 0730;
				LastUpgradeCheck = 0730;
				ORGANIZATIONNAME = "Fuji Robledo";
				TargetAttributes = {
					80D2D0711D9CC7EC00EFA9E4 = {
						CreatedOnToolsVersion = 7.3.1;
					};
				};
			};
			buildConfigurationList = 80D2D06D1D9CC7EC00EFA9E4 /* Build configuration list for PBXProject "Abacus Quest" */;
			compatibilityVersion = "Xcode 3.2";
			developmentRegion = English;
			hasScannedForEncodings = 0;
			knownRegions = (
				en,
				Base,
			);
			mainGroup = 80D2D0691D9CC7EC00EFA9E4;
			productRefGroup = 80D2D0731D9CC7EC00EFA9E4 /* Products */;
			projectDirPath = "";
			projectRoot = "";
			targets = (
				80D2D0711D9CC7EC00EFA9E4 /* Abacus Quest */,
			);
		};
/* End PBXProject section */

/* Begin PBXResourcesBuildPhase section */
		80D2D0701D9CC7EC00EFA9E4 /* Resources */ = {
			isa = PBXResourcesBuildPhase;
			buildActionMask = 2147483647;
			files = (
				80D2D0801D9CC7ED00EFA9E4 /* LaunchScreen.storyboard in Resources */,
				80D2D07D1D9CC7ED00EFA9E4 /* Assets.xcassets in Resources */,
				80D2D07B1D9CC7ED00EFA9E4 /* Main.storyboard in Resources */,
			);
			runOnlyForDeploymentPostprocessing = 0;
		};
/* End PBXResourcesBuildPhase section */

/* Begin PBXSourcesBuildPhase section */
		80D2D06E1D9CC7EC00EFA9E4 /* Sources */ = {
			isa = PBXSourcesBuildPhase;
			buildActionMask = 2147483647;
			files = (
				80D2D0781D9CC7ED00EFA9E4 /* ViewController.swift in Sources */,
				80D2D0761D9CC7ED00EFA9E4 /* AppDelegate.swift in Sources */,
			);
			runOnlyForDeploymentPostprocessing = 0;
		};
/* End PBXSourcesBuildPhase section */

/* Begin PBXVariantGroup section */
		80D2D0791D9CC7ED00EFA9E4 /* Main.storyboard */ = {
			isa = PBXVariantGroup;
			children = (
				80D2D07A1D9CC7ED00EFA9E4 /* Base */,
			);
			name = Main.storyboard;
			sourceTree = "<group>";
		};
		80D2D07E1D9CC7ED00EFA9E4 /* LaunchScreen.storyboard */ = {
			isa = PBXVariantGroup;
			children = (
				80D2D07F1D9CC7ED00EFA9E4 /* Base */,
			);
			name = LaunchScreen.storyboard;
			sourceTree = "<group>";
		};
/* End PBXVariantGroup section */

/* Begin XCBuildConfiguration section */
		80D2D0821D9CC7ED00EFA9E4 /* Debug */ = {
			isa = XCBuildConfiguration;
			buildSettings = {
				ALWAYS_SEARCH_USER_PATHS = NO;
				CLANG_ANALYZER_NONNULL = YES;
				CLANG_CXX_LANGUAGE_STANDARD = "gnu++0x";
				CLANG_CXX_LIBRARY = "libc++";
				CLANG_ENABLE_MODULES = YES;
				CLANG_ENABLE_OBJC_ARC = YES;
				CLANG_WARN_BOOL_CONVERSION = YES;
				CLANG_WARN_CONSTANT_CONVERSION = YES;
				CLANG_WARN_DIRECT_OBJC_ISA_USAGE = YES_ERROR;
				CLANG_WARN_EMPTY_BODY = YES;
				CLANG_WARN_ENUM_CONVERSION = YES;
				CLANG_WARN_INT_CONVERSION = YES;
				CLANG_WARN_OBJC_ROOT_CLASS = YES_ERROR;
				CLANG_WARN_UNREACHABLE_CODE = YES;
				CLANG_WARN__DUPLICATE_METHOD_MATCH = YES;
				"CODE_SIGN_IDENTITY[sdk=iphoneos*]" = "iPhone Developer";
				COPY_PHASE_STRIP = NO;
				DEBUG_INFORMATION_FORMAT = dwarf;
				ENABLE_STRICT_OBJC_MSGSEND = YES;
				ENABLE_TESTABILITY = YES;
				GCC_C_LANGUAGE_STANDARD = gnu99;
				GCC_DYNAMIC_NO_PIC = NO;
				GCC_NO_COMMON_BLOCKS = YES;
				GCC_OPTIMIZATION_LEVEL = 0;
				GCC_PREPROCESSOR_DEFINITIONS = (
					"DEBUG=1",
					"$(inherited)",
				);
				GCC_WARN_64_TO_32_BIT_CONVERSION = YES;
				GCC_WARN_ABOUT_RETURN_TYPE = YES_ERROR;
				GCC_WARN_UNDECLARED_SELECTOR = YES;
				GCC_WARN_UNINITIALIZED_AUTOS = YES_AGGRESSIVE;
				GCC_WARN_UNUSED_FUNCTION = YES;
				GCC_WARN_UNUSED_VARIABLE = YES;
				IPHONEOS_DEPLOYMENT_TARGET = 9.3;
				MTL_ENABLE_DEBUG_INFO = YES;
				ONLY_ACTIVE_ARCH = YES;
				SDKROOT = iphoneos;
				SWIFT_OPTIMIZATION_LEVEL = "-Onone";
			};
			name = Debug;
		};
		80D2D0831D9CC7ED00EFA9E4 /* Release */ = {
			isa = XCBuildConfiguration;
			buildSettings = {
				ALWAYS_SEARCH_USER_PATHS = NO;
				CLANG_ANALYZER_NONNULL = YES;
				CLANG_CXX_LANGUAGE_STANDARD = "gnu++0x";
				CLANG_CXX_LIBRARY = "libc++";
				CLANG_ENABLE_MODULES = YES;
				CLANG_ENABLE_OBJC_ARC = YES;
				CLANG_WARN_BOOL_CONVERSION = YES;
				CLANG_WARN_CONSTANT_CONVERSION = YES;
				CLANG_WARN_DIRECT_OBJC_ISA_USAGE = YES_ERROR;
				CLANG_WARN_EMPTY_BODY = YES;
				CLANG_WARN_ENUM_CONVERSION = YES;
				CLANG_WARN_INT_CONVERSION = YES;
				CLANG_WARN_OBJC_ROOT_CLASS = YES_ERROR;
				CLANG_WARN_UNREACHABLE_CODE = YES;
				CLANG_WARN__DUPLICATE_METHOD_MATCH = YES;
				"CODE_SIGN_IDENTITY[sdk=iphoneos*]" = "iPhone Developer";
				COPY_PHASE_STRIP = NO;
				DEBUG_INFORMATION_FORMAT = "dwarf-with-dsym";
				ENABLE_NS_ASSERTIONS = NO;
				ENABLE_STRICT_OBJC_MSGSEND = YES;
				GCC_C_LANGUAGE_STANDARD = gnu99;
				GCC_NO_COMMON_BLOCKS = YES;
				GCC_WARN_64_TO_32_BIT_CONVERSION = YES;
				GCC_WARN_ABOUT_RETURN_TYPE = YES_ERROR;
				GCC_WARN_UNDECLARED_SELECTOR = YES;
				GCC_WARN_UNINITIALIZED_AUTOS = YES_AGGRESSIVE;
				GCC_WARN_UNUSED_FUNCTION = YES;
				GCC_WARN_UNUSED_VARIABLE = YES;
				IPHONEOS_DEPLOYMENT_TARGET = 9.3;
				MTL_ENABLE_DEBUG_INFO = NO;
				SDKROOT = iphoneos;
				VALIDATE_PRODUCT = YES;
			};
			name = Release;
		};
		80D2D0851D9CC7ED00EFA9E4 /* Debug */ = {
			isa = XCBuildConfiguration;
			buildSettings = {
				ASSETCATALOG_COMPILER_APPICON_NAME = AppIcon;
				INFOPLIST_FILE = "Abacus Quest/Info.plist";
				LD_RUNPATH_SEARCH_PATHS = "$(inherited) @executable_path/Frameworks";
				PRODUCT_BUNDLE_IDENTIFIER = "ATLAS.Abacus-Quest";
				PRODUCT_NAME = "$(TARGET_NAME)";
			};
			name = Debug;
		};
		80D2D0861D9CC7ED00EFA9E4 /* Release */ = {
			isa = XCBuildConfiguration;
			buildSettings = {
				ASSETCATALOG_COMPILER_APPICON_NAME = AppIcon;
				INFOPLIST_FILE = "Abacus Quest/Info.plist";
				LD_RUNPATH_SEARCH_PATHS = "$(inherited) @executable_path/Frameworks";
				PRODUCT_BUNDLE_IDENTIFIER = "ATLAS.Abacus-Quest";
				PRODUCT_NAME = "$(TARGET_NAME)";
			};
			name = Release;
		};
/* End XCBuildConfiguration section */

/* Begin XCConfigurationList section */
		80D2D06D1D9CC7EC00EFA9E4 /* Build configuration list for PBXProject "Abacus Quest" */ = {
			isa = XCConfigurationList;
			buildConfigurations = (
				80D2D0821D9CC7ED00EFA9E4 /* Debug */,
				80D2D0831D9CC7ED00EFA9E4 /* Release */,
			);
			defaultConfigurationIsVisible = 0;
			defaultConfigurationName = Release;
		};
		80D2D0841D9CC7ED00EFA9E4 /* Build configuration list for PBXNativeTarget "Abacus Quest" */ = {
			isa = XCConfigurationList;
			buildConfigurations = (
				80D2D0851D9CC7ED00EFA9E4 /* Debug */,
				80D2D0861D9CC7ED00EFA9E4 /* Release */,
			);
			defaultConfigurationIsVisible = 0;
		};
/* End XCConfigurationList section */
	};
	rootObject = 80D2D06A1D9CC7EC00EFA9E4 /* Project object */;
}
