// !$*UTF8*$!
{
	archiveVersion = 1;
	classes = {
	};
	objectVersion = 46;
	objects = {

/* Begin PBXBuildFile section */
		803C44471D7F6E7F00E54E5F /* AppDelegate.swift in Sources */ = {isa = PBXBuildFile; fileRef = 803C44461D7F6E7F00E54E5F /* AppDelegate.swift */; };
		803C44491D7F6E7F00E54E5F /* ViewController.swift in Sources */ = {isa = PBXBuildFile; fileRef = 803C44481D7F6E7F00E54E5F /* ViewController.swift */; };
		803C444C1D7F6E7F00E54E5F /* Main.storyboard in Resources */ = {isa = PBXBuildFile; fileRef = 803C444A1D7F6E7F00E54E5F /* Main.storyboard */; };
		803C444E1D7F6E7F00E54E5F /* Assets.xcassets in Resources */ = {isa = PBXBuildFile; fileRef = 803C444D1D7F6E7F00E54E5F /* Assets.xcassets */; };
		803C44511D7F6E7F00E54E5F /* LaunchScreen.storyboard in Resources */ = {isa = PBXBuildFile; fileRef = 803C444F1D7F6E7F00E54E5F /* LaunchScreen.storyboard */; };
/* End PBXBuildFile section */

/* Begin PBXFileReference section */
		803C44431D7F6E7F00E54E5F /* Lab_1_Robledo.app */ = {isa = PBXFileReference; explicitFileType = wrapper.application; includeInIndex = 0; path = Lab_1_Robledo.app; sourceTree = BUILT_PRODUCTS_DIR; };
		803C44461D7F6E7F00E54E5F /* AppDelegate.swift */ = {isa = PBXFileReference; lastKnownFileType = sourcecode.swift; path = AppDelegate.swift; sourceTree = "<group>"; };
		803C44481D7F6E7F00E54E5F /* ViewController.swift */ = {isa = PBXFileReference; lastKnownFileType = sourcecode.swift; path = ViewController.swift; sourceTree = "<group>"; };
		803C444B1D7F6E7F00E54E5F /* Base */ = {isa = PBXFileReference; lastKnownFileType = file.storyboard; name = Base; path = Base.lproj/Main.storyboard; sourceTree = "<group>"; };
		803C444D1D7F6E7F00E54E5F /* Assets.xcassets */ = {isa = PBXFileReference; lastKnownFileType = folder.assetcatalog; path = Assets.xcassets; sourceTree = "<group>"; };
		803C44501D7F6E7F00E54E5F /* Base */ = {isa = PBXFileReference; lastKnownFileType = file.storyboard; name = Base; path = Base.lproj/LaunchScreen.storyboard; sourceTree = "<group>"; };
		803C44521D7F6E7F00E54E5F /* Info.plist */ = {isa = PBXFileReference; lastKnownFileType = text.plist.xml; path = Info.plist; sourceTree = "<group>"; };
/* End PBXFileReference section */

/* Begin PBXFrameworksBuildPhase section */
		803C44401D7F6E7F00E54E5F /* Frameworks */ = {
			isa = PBXFrameworksBuildPhase;
			buildActionMask = 2147483647;
			files = (
			);
			runOnlyForDeploymentPostprocessing = 0;
		};
/* End PBXFrameworksBuildPhase section */

/* Begin PBXGroup section */
		803C443A1D7F6E7E00E54E5F = {
			isa = PBXGroup;
			children = (
				803C44451D7F6E7F00E54E5F /* Lab_1_Robledo */,
				803C44441D7F6E7F00E54E5F /* Products */,
			);
			sourceTree = "<group>";
		};
		803C44441D7F6E7F00E54E5F /* Products */ = {
			isa = PBXGroup;
			children = (
				803C44431D7F6E7F00E54E5F /* Lab_1_Robledo.app */,
			);
			name = Products;
			sourceTree = "<group>";
		};
		803C44451D7F6E7F00E54E5F /* Lab_1_Robledo */ = {
			isa = PBXGroup;
			children = (
				803C44461D7F6E7F00E54E5F /* AppDelegate.swift */,
				803C44481D7F6E7F00E54E5F /* ViewController.swift */,
				803C444A1D7F6E7F00E54E5F /* Main.storyboard */,
				803C444D1D7F6E7F00E54E5F /* Assets.xcassets */,
				803C444F1D7F6E7F00E54E5F /* LaunchScreen.storyboard */,
				803C44521D7F6E7F00E54E5F /* Info.plist */,
			);
			path = Lab_1_Robledo;
			sourceTree = "<group>";
		};
/* End PBXGroup section */

/* Begin PBXNativeTarget section */
		803C44421D7F6E7F00E54E5F /* Lab_1_Robledo */ = {
			isa = PBXNativeTarget;
			buildConfigurationList = 803C44551D7F6E8000E54E5F /* Build configuration list for PBXNativeTarget "Lab_1_Robledo" */;
			buildPhases = (
				803C443F1D7F6E7F00E54E5F /* Sources */,
				803C44401D7F6E7F00E54E5F /* Frameworks */,
				803C44411D7F6E7F00E54E5F /* Resources */,
			);
			buildRules = (
			);
			dependencies = (
			);
			name = Lab_1_Robledo;
			productName = Lab_1_Robledo;
			productReference = 803C44431D7F6E7F00E54E5F /* Lab_1_Robledo.app */;
			productType = "com.apple.product-type.application";
		};
/* End PBXNativeTarget section */

/* Begin PBXProject section */
		803C443B1D7F6E7E00E54E5F /* Project object */ = {
			isa = PBXProject;
			attributes = {
				LastSwiftUpdateCheck = 0730;
				LastUpgradeCheck = 0730;
				ORGANIZATIONNAME = "Fuji Robledo";
				TargetAttributes = {
					803C44421D7F6E7F00E54E5F = {
						CreatedOnToolsVersion = 7.3.1;
					};
				};
			};
			buildConfigurationList = 803C443E1D7F6E7F00E54E5F /* Build configuration list for PBXProject "Lab_1_Robledo" */;
			compatibilityVersion = "Xcode 3.2";
			developmentRegion = English;
			hasScannedForEncodings = 0;
			knownRegions = (
				en,
				Base,
			);
			mainGroup = 803C443A1D7F6E7E00E54E5F;
			productRefGroup = 803C44441D7F6E7F00E54E5F /* Products */;
			projectDirPath = "";
			projectRoot = "";
			targets = (
				803C44421D7F6E7F00E54E5F /* Lab_1_Robledo */,
			);
		};
/* End PBXProject section */

/* Begin PBXResourcesBuildPhase section */
		803C44411D7F6E7F00E54E5F /* Resources */ = {
			isa = PBXResourcesBuildPhase;
			buildActionMask = 2147483647;
			files = (
				803C44511D7F6E7F00E54E5F /* LaunchScreen.storyboard in Resources */,
				803C444E1D7F6E7F00E54E5F /* Assets.xcassets in Resources */,
				803C444C1D7F6E7F00E54E5F /* Main.storyboard in Resources */,
			);
			runOnlyForDeploymentPostprocessing = 0;
		};
/* End PBXResourcesBuildPhase section */

/* Begin PBXSourcesBuildPhase section */
		803C443F1D7F6E7F00E54E5F /* Sources */ = {
			isa = PBXSourcesBuildPhase;
			buildActionMask = 2147483647;
			files = (
				803C44491D7F6E7F00E54E5F /* ViewController.swift in Sources */,
				803C44471D7F6E7F00E54E5F /* AppDelegate.swift in Sources */,
			);
			runOnlyForDeploymentPostprocessing = 0;
		};
/* End PBXSourcesBuildPhase section */

/* Begin PBXVariantGroup section */
		803C444A1D7F6E7F00E54E5F /* Main.storyboard */ = {
			isa = PBXVariantGroup;
			children = (
				803C444B1D7F6E7F00E54E5F /* Base */,
			);
			name = Main.storyboard;
			sourceTree = "<group>";
		};
		803C444F1D7F6E7F00E54E5F /* LaunchScreen.storyboard */ = {
			isa = PBXVariantGroup;
			children = (
				803C44501D7F6E7F00E54E5F /* Base */,
			);
			name = LaunchScreen.storyboard;
			sourceTree = "<group>";
		};
/* End PBXVariantGroup section */

/* Begin XCBuildConfiguration section */
		803C44531D7F6E7F00E54E5F /* Debug */ = {
			isa = XCBuildConfiguration;
			buildSettings = {
				ALWAYS_SEARCH_USER_PATHS = NO;
				CLANG_ANALYZER_NONNULL = YES;
				CLANG_CXX_LANGUAGE_STANDARD = "gnu++0x";
				CLANG_CXX_LIBRARY = "libc++";
				CLANG_ENABLE_MODULES = YES;
				CLANG_ENABLE_OBJC_ARC = YES;
				CLANG_WARN_BOOL_CONVERSION = YES;
				CLANG_WARN_CONSTANT_CONVERSION = YES;
				CLANG_WARN_DIRECT_OBJC_ISA_USAGE = YES_ERROR;
				CLANG_WARN_EMPTY_BODY = YES;
				CLANG_WARN_ENUM_CONVERSION = YES;
				CLANG_WARN_INT_CONVERSION = YES;
				CLANG_WARN_OBJC_ROOT_CLASS = YES_ERROR;
				CLANG_WARN_UNREACHABLE_CODE = YES;
				CLANG_WARN__DUPLICATE_METHOD_MATCH = YES;
				"CODE_SIGN_IDENTITY[sdk=iphoneos*]" = "iPhone Developer";
				COPY_PHASE_STRIP = NO;
				DEBUG_INFORMATION_FORMAT = dwarf;
				ENABLE_STRICT_OBJC_MSGSEND = YES;
				ENABLE_TESTABILITY = YES;
				GCC_C_LANGUAGE_STANDARD = gnu99;
				GCC_DYNAMIC_NO_PIC = NO;
				GCC_NO_COMMON_BLOCKS = YES;
				GCC_OPTIMIZATION_LEVEL = 0;
				GCC_PREPROCESSOR_DEFINITIONS = (
					"DEBUG=1",
					"$(inherited)",
				);
				GCC_WARN_64_TO_32_BIT_CONVERSION = YES;
				GCC_WARN_ABOUT_RETURN_TYPE = YES_ERROR;
				GCC_WARN_UNDECLARED_SELECTOR = YES;
				GCC_WARN_UNINITIALIZED_AUTOS = YES_AGGRESSIVE;
				GCC_WARN_UNUSED_FUNCTION = YES;
				GCC_WARN_UNUSED_VARIABLE = YES;
				IPHONEOS_DEPLOYMENT_TARGET = 9.3;
				MTL_ENABLE_DEBUG_INFO = YES;
				ONLY_ACTIVE_ARCH = YES;
				SDKROOT = iphoneos;
				SWIFT_OPTIMIZATION_LEVEL = "-Onone";
				TARGETED_DEVICE_FAMILY = "1,2";
			};
			name = Debug;
		};
		803C44541D7F6E7F00E54E5F /* Release */ = {
			isa = XCBuildConfiguration;
			buildSettings = {
				ALWAYS_SEARCH_USER_PATHS = NO;
				CLANG_ANALYZER_NONNULL = YES;
				CLANG_CXX_LANGUAGE_STANDARD = "gnu++0x";
				CLANG_CXX_LIBRARY = "libc++";
				CLANG_ENABLE_MODULES = YES;
				CLANG_ENABLE_OBJC_ARC = YES;
				CLANG_WARN_BOOL_CONVERSION = YES;
				CLANG_WARN_CONSTANT_CONVERSION = YES;
				CLANG_WARN_DIRECT_OBJC_ISA_USAGE = YES_ERROR;
				CLANG_WARN_EMPTY_BODY = YES;
				CLANG_WARN_ENUM_CONVERSION = YES;
				CLANG_WARN_INT_CONVERSION = YES;
				CLANG_WARN_OBJC_ROOT_CLASS = YES_ERROR;
				CLANG_WARN_UNREACHABLE_CODE = YES;
				CLANG_WARN__DUPLICATE_METHOD_MATCH = YES;
				"CODE_SIGN_IDENTITY[sdk=iphoneos*]" = "iPhone Developer";
				COPY_PHASE_STRIP = NO;
				DEBUG_INFORMATION_FORMAT = "dwarf-with-dsym";
				ENABLE_NS_ASSERTIONS = NO;
				ENABLE_STRICT_OBJC_MSGSEND = YES;
				GCC_C_LANGUAGE_STANDARD = gnu99;
				GCC_NO_COMMON_BLOCKS = YES;
				GCC_WARN_64_TO_32_BIT_CONVERSION = YES;
				GCC_WARN_ABOUT_RETURN_TYPE = YES_ERROR;
				GCC_WARN_UNDECLARED_SELECTOR = YES;
				GCC_WARN_UNINITIALIZED_AUTOS = YES_AGGRESSIVE;
				GCC_WARN_UNUSED_FUNCTION = YES;
				GCC_WARN_UNUSED_VARIABLE = YES;
				IPHONEOS_DEPLOYMENT_TARGET = 9.3;
				MTL_ENABLE_DEBUG_INFO = NO;
				SDKROOT = iphoneos;
				TARGETED_DEVICE_FAMILY = "1,2";
				VALIDATE_PRODUCT = YES;
			};
			name = Release;
		};
		803C44561D7F6E8000E54E5F /* Debug */ = {
			isa = XCBuildConfiguration;
			buildSettings = {
				ASSETCATALOG_COMPILER_APPICON_NAME = AppIcon;
				INFOPLIST_FILE = Lab_1_Robledo/Info.plist;
				LD_RUNPATH_SEARCH_PATHS = "$(inherited) @executable_path/Frameworks";
				PRODUCT_BUNDLE_IDENTIFIER = "ATLAS.Lab-1-Robledo";
				PRODUCT_NAME = "$(TARGET_NAME)";
				TARGETED_DEVICE_FAMILY = 1;
			};
			name = Debug;
		};
		803C44571D7F6E8000E54E5F /* Release */ = {
			isa = XCBuildConfiguration;
			buildSettings = {
				ASSETCATALOG_COMPILER_APPICON_NAME = AppIcon;
				INFOPLIST_FILE = Lab_1_Robledo/Info.plist;
				LD_RUNPATH_SEARCH_PATHS = "$(inherited) @executable_path/Frameworks";
				PRODUCT_BUNDLE_IDENTIFIER = "ATLAS.Lab-1-Robledo";
				PRODUCT_NAME = "$(TARGET_NAME)";
				TARGETED_DEVICE_FAMILY = 1;
			};
			name = Release;
		};
/* End XCBuildConfiguration section */

/* Begin XCConfigurationList section */
		803C443E1D7F6E7F00E54E5F /* Build configuration list for PBXProject "Lab_1_Robledo" */ = {
			isa = XCConfigurationList;
			buildConfigurations = (
				803C44531D7F6E7F00E54E5F /* Debug */,
				803C44541D7F6E7F00E54E5F /* Release */,
			);
			defaultConfigurationIsVisible = 0;
			defaultConfigurationName = Release;
		};
		803C44551D7F6E8000E54E5F /* Build configuration list for PBXNativeTarget "Lab_1_Robledo" */ = {
			isa = XCConfigurationList;
			buildConfigurations = (
				803C44561D7F6E8000E54E5F /* Debug */,
				803C44571D7F6E8000E54E5F /* Release */,
			);
			defaultConfigurationIsVisible = 0;
		};
/* End XCConfigurationList section */
	};
	rootObject = 803C443B1D7F6E7E00E54E5F /* Project object */;
}
